
Microsoft Visual Studio Solution File, Format Version 12.00
# Visual Studio Version 16
VisualStudioVersion = 16.0.30002.166
MinimumVisualStudioVersion = 10.0.40219.1
Project("{FAE04EC0-301F-11D3-BF4B-00C04F79EFBC}") = "ToDo.UWP", "ToDo\ToDo.UWP\ToDo.UWP.csproj", "{1E4A1CDE-6AE8-4897-BD06-F604A98BA890}"
EndProject
Project("{FAE04EC0-301F-11D3-BF4B-00C04F79EFBC}") = "ToDo.Android", "ToDo\ToDo.Android\ToDo.Android.csproj", "{C5BBAA71-0008-4A7F-8241-F66B6F552401}"
EndProject
Project("{FAE04EC0-301F-11D3-BF4B-00C04F79EFBC}") = "ToDo.iOS", "ToDo\ToDo.iOS\ToDo.iOS.csproj", "{A2F050DE-72BB-49FF-84BF-76B4259C29CC}"
EndProject
Project("{FAE04EC0-301F-11D3-BF4B-00C04F79EFBC}") = "ToDo", "ToDo\ToDo\ToDo.csproj", "{9639C746-4C15-48B3-BF97-AF6278050509}"
EndProject
Global
	GlobalSection(SolutionConfigurationPlatforms) = preSolution
		Debug|Any CPU = Debug|Any CPU
		Debug|ARM = Debug|ARM
		Debug|iPhone = Debug|iPhone
		Debug|iPhoneSimulator = Debug|iPhoneSimulator
		Debug|x64 = Debug|x64
		Debug|x86 = Debug|x86
		Release|Any CPU = Release|Any CPU
		Release|ARM = Release|ARM
		Release|iPhone = Release|iPhone
		Release|iPhoneSimulator = Release|iPhoneSimulator
		Release|x64 = Release|x64
		Release|x86 = Release|x86
	EndGlobalSection
	GlobalSection(ProjectConfigurationPlatforms) = postSolution
		{1E4A1CDE-6AE8-4897-BD06-F604A98BA890}.Debug|Any CPU.ActiveCfg = Debug|x86
		{1E4A1CDE-6AE8-4897-BD06-F604A98BA890}.Debug|Any CPU.Build.0 = Debug|x86
		{1E4A1CDE-6AE8-4897-BD06-F604A98BA890}.Debug|Any CPU.Deploy.0 = Debug|x86
		{1E4A1CDE-6AE8-4897-BD06-F604A98BA890}.Debug|ARM.ActiveCfg = Debug|ARM
		{1E4A1CDE-6AE8-4897-BD06-F604A98BA890}.Debug|ARM.Build.0 = Debug|ARM
		{1E4A1CDE-6AE8-4897-BD06-F604A98BA890}.Debug|ARM.Deploy.0 = Debug|ARM
		{1E4A1CDE-6AE8-4897-BD06-F604A98BA890}.Debug|iPhone.ActiveCfg = Debug|x86
		{1E4A1CDE-6AE8-4897-BD06-F604A98BA890}.Debug|iPhone.Build.0 = Debug|x86
		{1E4A1CDE-6AE8-4897-BD06-F604A98BA890}.Debug|iPhone.Deploy.0 = Debug|x86
		{1E4A1CDE-6AE8-4897-BD06-F604A98BA890}.Debug|iPhoneSimulator.ActiveCfg = Debug|x86
		{1E4A1CDE-6AE8-4897-BD06-F604A98BA890}.Debug|iPhoneSimulator.Build.0 = Debug|x86
		{1E4A1CDE-6AE8-4897-BD06-F604A98BA890}.Debug|iPhoneSimulator.Deploy.0 = Debug|x86
		{1E4A1CDE-6AE8-4897-BD06-F604A98BA890}.Debug|x64.ActiveCfg = Debug|x64
		{1E4A1CDE-6AE8-4897-BD06-F604A98BA890}.Debug|x64.Build.0 = Debug|x64
		{1E4A1CDE-6AE8-4897-BD06-F604A98BA890}.Debug|x64.Deploy.0 = Debug|x64
		{1E4A1CDE-6AE8-4897-BD06-F604A98BA890}.Debug|x86.ActiveCfg = Debug|x86
		{1E4A1CDE-6AE8-4897-BD06-F604A98BA890}.Debug|x86.Build.0 = Debug|x86
		{1E4A1CDE-6AE8-4897-BD06-F604A98BA890}.Debug|x86.Deploy.0 = Debug|x86
		{1E4A1CDE-6AE8-4897-BD06-F604A98BA890}.Release|Any CPU.ActiveCfg = Release|x86
		{1E4A1CDE-6AE8-4897-BD06-F604A98BA890}.Release|Any CPU.Build.0 = Release|x86
		{1E4A1CDE-6AE8-4897-BD06-F604A98BA890}.Release|Any CPU.Deploy.0 = Release|x86
		{1E4A1CDE-6AE8-4897-BD06-F604A98BA890}.Release|ARM.ActiveCfg = Release|ARM
		{1E4A1CDE-6AE8-4897-BD06-F604A98BA890}.Release|ARM.Build.0 = Release|ARM
		{1E4A1CDE-6AE8-4897-BD06-F604A98BA890}.Release|ARM.Deploy.0 = Release|ARM
		{1E4A1CDE-6AE8-4897-BD06-F604A98BA890}.Release|iPhone.ActiveCfg = Release|x86
		{1E4A1CDE-6AE8-4897-BD06-F604A98BA890}.Release|iPhone.Build.0 = Release|x86
		{1E4A1CDE-6AE8-4897-BD06-F604A98BA890}.Release|iPhone.Deploy.0 = Release|x86
		{1E4A1CDE-6AE8-4897-BD06-F604A98BA890}.Release|iPhoneSimulator.ActiveCfg = Release|x86
		{1E4A1CDE-6AE8-4897-BD06-F604A98BA890}.Release|iPhoneSimulator.Build.0 = Release|x86
		{1E4A1CDE-6AE8-4897-BD06-F604A98BA890}.Release|iPhoneSimulator.Deploy.0 = Release|x86
		{1E4A1CDE-6AE8-4897-BD06-F604A98BA890}.Release|x64.ActiveCfg = Release|x64
		{1E4A1CDE-6AE8-4897-BD06-F604A98BA890}.Release|x64.Build.0 = Release|x64
		{1E4A1CDE-6AE8-4897-BD06-F604A98BA890}.Release|x64.Deploy.0 = Release|x64
		{1E4A1CDE-6AE8-4897-BD06-F604A98BA890}.Release|x86.ActiveCfg = Release|x86
		{1E4A1CDE-6AE8-4897-BD06-F604A98BA890}.Release|x86.Build.0 = Release|x86
		{1E4A1CDE-6AE8-4897-BD06-F604A98BA890}.Release|x86.Deploy.0 = Release|x86
		{C5BBAA71-0008-4A7F-8241-F66B6F552401}.Debug|Any CPU.ActiveCfg = Debug|Any CPU
		{C5BBAA71-0008-4A7F-8241-F66B6F552401}.Debug|Any CPU.Build.0 = Debug|Any CPU
		{C5BBAA71-0008-4A7F-8241-F66B6F552401}.Debug|Any CPU.Deploy.0 = Debug|Any CPU
		{C5BBAA71-0008-4A7F-8241-F66B6F552401}.Debug|ARM.ActiveCfg = Debug|Any CPU
		{C5BBAA71-0008-4A7F-8241-F66B6F552401}.Debug|ARM.Build.0 = Debug|Any CPU
		{C5BBAA71-0008-4A7F-8241-F66B6F552401}.Debug|ARM.Deploy.0 = Debug|Any CPU
		{C5BBAA71-0008-4A7F-8241-F66B6F552401}.Debug|iPhone.ActiveCfg = Debug|Any CPU
		{C5BBAA71-0008-4A7F-8241-F66B6F552401}.Debug|iPhone.Build.0 = Debug|Any CPU
		{C5BBAA71-0008-4A7F-8241-F66B6F552401}.Debug|iPhone.Deploy.0 = Debug|Any CPU
		{C5BBAA71-0008-4A7F-8241-F66B6F552401}.Debug|iPhoneSimulator.ActiveCfg = Debug|Any CPU
		{C5BBAA71-0008-4A7F-8241-F66B6F552401}.Debug|iPhoneSimulator.Build.0 = Debug|Any CPU
		{C5BBAA71-0008-4A7F-8241-F66B6F552401}.Debug|iPhoneSimulator.Deploy.0 = Debug|Any CPU
		{C5BBAA71-0008-4A7F-8241-F66B6F552401}.Debug|x64.ActiveCfg = Debug|Any CPU
		{C5BBAA71-0008-4A7F-8241-F66B6F552401}.Debug|x64.Build.0 = Debug|Any CPU
		{C5BBAA71-0008-4A7F-8241-F66B6F552401}.Debug|x64.Deploy.0 = Debug|Any CPU
		{C5BBAA71-0008-4A7F-8241-F66B6F552401}.Debug|x86.ActiveCfg = Debug|Any CPU
		{C5BBAA71-0008-4A7F-8241-F66B6F552401}.Debug|x86.Build.0 = Debug|Any CPU
		{C5BBAA71-0008-4A7F-8241-F66B6F552401}.Debug|x86.Deploy.0 = Debug|Any CPU
		{C5BBAA71-0008-4A7F-8241-F66B6F552401}.Release|Any CPU.ActiveCfg = Release|Any CPU
		{C5BBAA71-0008-4A7F-8241-F66B6F552401}.Release|Any CPU.Build.0 = Release|Any CPU
		{C5BBAA71-0008-4A7F-8241-F66B6F552401}.Release|Any CPU.Deploy.0 = Release|Any CPU
		{C5BBAA71-0008-4A7F-8241-F66B6F552401}.Release|ARM.ActiveCfg = Release|Any CPU
		{C5BBAA71-0008-4A7F-8241-F66B6F552401}.Release|ARM.Build.0 = Release|Any CPU
		{C5BBAA71-0008-4A7F-8241-F66B6F552401}.Release|ARM.Deploy.0 = Release|Any CPU
		{C5BBAA71-0008-4A7F-8241-F66B6F552401}.Release|iPhone.ActiveCfg = Release|Any CPU
		{C5BBAA71-0008-4A7F-8241-F66B6F552401}.Release|iPhone.Build.0 = Release|Any CPU
		{C5BBAA71-0008-4A7F-8241-F66B6F552401}.Release|iPhone.Deploy.0 = Release|Any CPU
		{C5BBAA71-0008-4A7F-8241-F66B6F552401}.Release|iPhoneSimulator.ActiveCfg = Release|Any CPU
		{C5BBAA71-0008-4A7F-8241-F66B6F552401}.Release|iPhoneSimulator.Build.0 = Release|Any CPU
		{C5BBAA71-0008-4A7F-8241-F66B6F552401}.Release|iPhoneSimulator.Deploy.0 = Release|Any CPU
		{C5BBAA71-0008-4A7F-8241-F66B6F552401}.Release|x64.ActiveCfg = Release|Any CPU
		{C5BBAA71-0008-4A7F-8241-F66B6F552401}.Release|x64.Build.0 = Release|Any CPU
		{C5BBAA71-0008-4A7F-8241-F66B6F552401}.Release|x64.Deploy.0 = Release|Any CPU
		{C5BBAA71-0008-4A7F-8241-F66B6F552401}.Release|x86.ActiveCfg = Release|Any CPU
		{C5BBAA71-0008-4A7F-8241-F66B6F552401}.Release|x86.Build.0 = Release|Any CPU
		{C5BBAA71-0008-4A7F-8241-F66B6F552401}.Release|x86.Deploy.0 = Release|Any CPU
		{A2F050DE-72BB-49FF-84BF-76B4259C29CC}.Debug|Any CPU.ActiveCfg = Debug|iPhone
		{A2F050DE-72BB-49FF-84BF-76B4259C29CC}.Debug|Any CPU.Build.0 = Debug|iPhone
		{A2F050DE-72BB-49FF-84BF-76B4259C29CC}.Debug|Any CPU.Deploy.0 = Debug|iPhone
		{A2F050DE-72BB-49FF-84BF-76B4259C29CC}.Debug|ARM.ActiveCfg = Debug|iPhone
		{A2F050DE-72BB-49FF-84BF-76B4259C29CC}.Debug|ARM.Build.0 = Debug|iPhone
		{A2F050DE-72BB-49FF-84BF-76B4259C29CC}.Debug|ARM.Deploy.0 = Debug|iPhone
		{A2F050DE-72BB-49FF-84BF-76B4259C29CC}.Debug|iPhone.ActiveCfg = Debug|iPhone
		{A2F050DE-72BB-49FF-84BF-76B4259C29CC}.Debug|iPhone.Build.0 = Debug|iPhone
		{A2F050DE-72BB-49FF-84BF-76B4259C29CC}.Debug|iPhone.Deploy.0 = Debug|iPhone
		{A2F050DE-72BB-49FF-84BF-76B4259C29CC}.Debug|iPhoneSimulator.ActiveCfg = Debug|iPhoneSimulator
		{A2F050DE-72BB-49FF-84BF-76B4259C29CC}.Debug|iPhoneSimulator.Build.0 = Debug|iPhoneSimulator
		{A2F050DE-72BB-49FF-84BF-76B4259C29CC}.Debug|iPhoneSimulator.Deploy.0 = Debug|iPhoneSimulator
		{A2F050DE-72BB-49FF-84BF-76B4259C29CC}.Debug|x64.ActiveCfg = Debug|iPhone
		{A2F050DE-72BB-49FF-84BF-76B4259C29CC}.Debug|x64.Build.0 = Debug|iPhone
		{A2F050DE-72BB-49FF-84BF-76B4259C29CC}.Debug|x64.Deploy.0 = Debug|iPhone
		{A2F050DE-72BB-49FF-84BF-76B4259C29CC}.Debug|x86.ActiveCfg = Debug|iPhone
		{A2F050DE-72BB-49FF-84BF-76B4259C29CC}.Debug|x86.Build.0 = Debug|iPhone
		{A2F050DE-72BB-49FF-84BF-76B4259C29CC}.Debug|x86.Deploy.0 = Debug|iPhone
		{A2F050DE-72BB-49FF-84BF-76B4259C29CC}.Release|Any CPU.ActiveCfg = Release|iPhone
		{A2F050DE-72BB-49FF-84BF-76B4259C29CC}.Release|Any CPU.Build.0 = Release|iPhone
		{A2F050DE-72BB-49FF-84BF-76B4259C29CC}.Release|Any CPU.Deploy.0 = Release|iPhone
		{A2F050DE-72BB-49FF-84BF-76B4259C29CC}.Release|ARM.ActiveCfg = Release|iPhone
		{A2F050DE-72BB-49FF-84BF-76B4259C29CC}.Release|ARM.Build.0 = Release|iPhone
		{A2F050DE-72BB-49FF-84BF-76B4259C29CC}.Release|ARM.Deploy.0 = Release|iPhone
		{A2F050DE-72BB-49FF-84BF-76B4259C29CC}.Release|iPhone.ActiveCfg = Release|iPhone
		{A2F050DE-72BB-49FF-84BF-76B4259C29CC}.Release|iPhone.Build.0 = Release|iPhone
		{A2F050DE-72BB-49FF-84BF-76B4259C29CC}.Release|iPhone.Deploy.0 = Release|iPhone
		{A2F050DE-72BB-49FF-84BF-76B4259C29CC}.Release|iPhoneSimulator.ActiveCfg = Release|iPhoneSimulator
		{A2F050DE-72BB-49FF-84BF-76B4259C29CC}.Release|iPhoneSimulator.Build.0 = Release|iPhoneSimulator
		{A2F050DE-72BB-49FF-84BF-76B4259C29CC}.Release|iPhoneSimulator.Deploy.0 = Release|iPhoneSimulator
		{A2F050DE-72BB-49FF-84BF-76B4259C29CC}.Release|x64.ActiveCfg = Release|iPhone
		{A2F050DE-72BB-49FF-84BF-76B4259C29CC}.Release|x64.Build.0 = Release|iPhone
		{A2F050DE-72BB-49FF-84BF-76B4259C29CC}.Release|x64.Deploy.0 = Release|iPhone
		{A2F050DE-72BB-49FF-84BF-76B4259C29CC}.Release|x86.ActiveCfg = Release|iPhone
		{A2F050DE-72BB-49FF-84BF-76B4259C29CC}.Release|x86.Build.0 = Release|iPhone
		{A2F050DE-72BB-49FF-84BF-76B4259C29CC}.Release|x86.Deploy.0 = Release|iPhone
		{9639C746-4C15-48B3-BF97-AF6278050509}.Debug|Any CPU.ActiveCfg = Debug|Any CPU
		{9639C746-4C15-48B3-BF97-AF6278050509}.Debug|Any CPU.Build.0 = Debug|Any CPU
		{9639C746-4C15-48B3-BF97-AF6278050509}.Debug|Any CPU.Deploy.0 = Debug|Any CPU
		{9639C746-4C15-48B3-BF97-AF6278050509}.Debug|ARM.ActiveCfg = Debug|Any CPU
		{9639C746-4C15-48B3-BF97-AF6278050509}.Debug|ARM.Build.0 = Debug|Any CPU
		{9639C746-4C15-48B3-BF97-AF6278050509}.Debug|ARM.Deploy.0 = Debug|Any CPU
		{9639C746-4C15-48B3-BF97-AF6278050509}.Debug|iPhone.ActiveCfg = Debug|Any CPU
		{9639C746-4C15-48B3-BF97-AF6278050509}.Debug|iPhone.Build.0 = Debug|Any CPU
		{9639C746-4C15-48B3-BF97-AF6278050509}.Debug|iPhone.Deploy.0 = Debug|Any CPU
		{9639C746-4C15-48B3-BF97-AF6278050509}.Debug|iPhoneSimulator.ActiveCfg = Debug|Any CPU
		{9639C746-4C15-48B3-BF97-AF6278050509}.Debug|iPhoneSimulator.Build.0 = Debug|Any CPU
		{9639C746-4C15-48B3-BF97-AF6278050509}.Debug|iPhoneSimulator.Deploy.0 = Debug|Any CPU
		{9639C746-4C15-48B3-BF97-AF6278050509}.Debug|x64.ActiveCfg = Debug|Any CPU
		{9639C746-4C15-48B3-BF97-AF6278050509}.Debug|x64.Build.0 = Debug|Any CPU
		{9639C746-4C15-48B3-BF97-AF6278050509}.Debug|x64.Deploy.0 = Debug|Any CPU
		{9639C746-4C15-48B3-BF97-AF6278050509}.Debug|x86.ActiveCfg = Debug|Any CPU
		{9639C746-4C15-48B3-BF97-AF6278050509}.Debug|x86.Build.0 = Debug|Any CPU
		{9639C746-4C15-48B3-BF97-AF6278050509}.Debug|x86.Deploy.0 = Debug|Any CPU
		{9639C746-4C15-48B3-BF97-AF6278050509}.Release|Any CPU.ActiveCfg = Release|Any CPU
		{9639C746-4C15-48B3-BF97-AF6278050509}.Release|Any CPU.Build.0 = Release|Any CPU
		{9639C746-4C15-48B3-BF97-AF6278050509}.Release|Any CPU.Deploy.0 = Release|Any CPU
		{9639C746-4C15-48B3-BF97-AF6278050509}.Release|ARM.ActiveCfg = Release|Any CPU
		{9639C746-4C15-48B3-BF97-AF6278050509}.Release|ARM.Build.0 = Release|Any CPU
		{9639C746-4C15-48B3-BF97-AF6278050509}.Release|ARM.Deploy.0 = Release|Any CPU
		{9639C746-4C15-48B3-BF97-AF6278050509}.Release|iPhone.ActiveCfg = Release|Any CPU
		{9639C746-4C15-48B3-BF97-AF6278050509}.Release|iPhone.Build.0 = Release|Any CPU
		{9639C746-4C15-48B3-BF97-AF6278050509}.Release|iPhone.Deploy.0 = Release|Any CPU
		{9639C746-4C15-48B3-BF97-AF6278050509}.Release|iPhoneSimulator.ActiveCfg = Release|Any CPU
		{9639C746-4C15-48B3-BF97-AF6278050509}.Release|iPhoneSimulator.Build.0 = Release|Any CPU
		{9639C746-4C15-48B3-BF97-AF6278050509}.Release|iPhoneSimulator.Deploy.0 = Release|Any CPU
		{9639C746-4C15-48B3-BF97-AF6278050509}.Release|x64.ActiveCfg = Release|Any CPU
		{9639C746-4C15-48B3-BF97-AF6278050509}.Release|x64.Build.0 = Release|Any CPU
		{9639C746-4C15-48B3-BF97-AF6278050509}.Release|x64.Deploy.0 = Release|Any CPU
		{9639C746-4C15-48B3-BF97-AF6278050509}.Release|x86.ActiveCfg = Release|Any CPU
		{9639C746-4C15-48B3-BF97-AF6278050509}.Release|x86.Build.0 = Release|Any CPU
		{9639C746-4C15-48B3-BF97-AF6278050509}.Release|x86.Deploy.0 = Release|Any CPU
	EndGlobalSection
	GlobalSection(SolutionProperties) = preSolution
		HideSolutionNode = FALSE
	EndGlobalSection
	GlobalSection(ExtensibilityGlobals) = postSolution
		SolutionGuid = {E494F7CE-8540-4D09-AE47-86D857FE306A}
	EndGlobalSection
EndGlobal
